// !$*UTF8*$!
{
	archiveVersion = 1;
	classes = {
	};
	objectVersion = 50;
	objects = {

/* Begin PBXBuildFile section */
		9C397272228DC1CC00C77622 /* AppDelegate.swift in Sources */ = {isa = PBXBuildFile; fileRef = 9C397271228DC1CC00C77622 /* AppDelegate.swift */; };
		9C397274228DC1CC00C77622 /* MainViewController.swift in Sources */ = {isa = PBXBuildFile; fileRef = 9C397273228DC1CC00C77622 /* MainViewController.swift */; };
		9C397277228DC1CC00C77622 /* Main.storyboard in Resources */ = {isa = PBXBuildFile; fileRef = 9C397275228DC1CC00C77622 /* Main.storyboard */; };
		9C397279228DC1CE00C77622 /* Assets.xcassets in Resources */ = {isa = PBXBuildFile; fileRef = 9C397278228DC1CE00C77622 /* Assets.xcassets */; };
		9C39727C228DC1CE00C77622 /* LaunchScreen.storyboard in Resources */ = {isa = PBXBuildFile; fileRef = 9C39727A228DC1CE00C77622 /* LaunchScreen.storyboard */; };
		9C397284228DC20A00C77622 /* GridCollectionViewController.swift in Sources */ = {isa = PBXBuildFile; fileRef = 9C397283228DC20A00C77622 /* GridCollectionViewController.swift */; };
		9C397287228DC65800C77622 /* GridCell.xib in Resources */ = {isa = PBXBuildFile; fileRef = 9C397286228DC65800C77622 /* GridCell.xib */; };
		9C39728A228DC66B00C77622 /* GridCell.swift in Sources */ = {isa = PBXBuildFile; fileRef = 9C397289228DC66B00C77622 /* GridCell.swift */; };
		9C39728D228DC6B700C77622 /* UICollectionViewExtension.swift in Sources */ = {isa = PBXBuildFile; fileRef = 9C39728C228DC6B700C77622 /* UICollectionViewExtension.swift */; };
/* End PBXBuildFile section */

/* Begin PBXFileReference section */
		9C39726E228DC1CC00C77622 /* WordSearch.app */ = {isa = PBXFileReference; explicitFileType = wrapper.application; includeInIndex = 0; path = WordSearch.app; sourceTree = BUILT_PRODUCTS_DIR; };
		9C397271228DC1CC00C77622 /* AppDelegate.swift */ = {isa = PBXFileReference; lastKnownFileType = sourcecode.swift; path = AppDelegate.swift; sourceTree = "<group>"; };
		9C397273228DC1CC00C77622 /* MainViewController.swift */ = {isa = PBXFileReference; lastKnownFileType = sourcecode.swift; path = MainViewController.swift; sourceTree = "<group>"; };
		9C397276228DC1CC00C77622 /* Base */ = {isa = PBXFileReference; lastKnownFileType = file.storyboard; name = Base; path = Base.lproj/Main.storyboard; sourceTree = "<group>"; };
		9C397278228DC1CE00C77622 /* Assets.xcassets */ = {isa = PBXFileReference; lastKnownFileType = folder.assetcatalog; path = Assets.xcassets; sourceTree = "<group>"; };
		9C39727B228DC1CE00C77622 /* Base */ = {isa = PBXFileReference; lastKnownFileType = file.storyboard; name = Base; path = Base.lproj/LaunchScreen.storyboard; sourceTree = "<group>"; };
		9C39727D228DC1CE00C77622 /* Info.plist */ = {isa = PBXFileReference; lastKnownFileType = text.plist.xml; path = Info.plist; sourceTree = "<group>"; };
		9C397283228DC20A00C77622 /* GridCollectionViewController.swift */ = {isa = PBXFileReference; lastKnownFileType = sourcecode.swift; path = GridCollectionViewController.swift; sourceTree = "<group>"; };
		9C397286228DC65800C77622 /* GridCell.xib */ = {isa = PBXFileReference; lastKnownFileType = file.xib; path = GridCell.xib; sourceTree = "<group>"; };
		9C397289228DC66B00C77622 /* GridCell.swift */ = {isa = PBXFileReference; lastKnownFileType = sourcecode.swift; path = GridCell.swift; sourceTree = "<group>"; };
		9C39728C228DC6B700C77622 /* UICollectionViewExtension.swift */ = {isa = PBXFileReference; lastKnownFileType = sourcecode.swift; path = UICollectionViewExtension.swift; sourceTree = "<group>"; };
/* End PBXFileReference section */

/* Begin PBXFrameworksBuildPhase section */
		9C39726B228DC1CC00C77622 /* Frameworks */ = {
			isa = PBXFrameworksBuildPhase;
			buildActionMask = 2147483647;
			files = (
			);
			runOnlyForDeploymentPostprocessing = 0;
		};
/* End PBXFrameworksBuildPhase section */

/* Begin PBXGroup section */
		9C397265228DC1CC00C77622 = {
			isa = PBXGroup;
			children = (
				9C397270228DC1CC00C77622 /* WordSearch */,
				9C39726F228DC1CC00C77622 /* Products */,
			);
			sourceTree = "<group>";
		};
		9C39726F228DC1CC00C77622 /* Products */ = {
			isa = PBXGroup;
			children = (
				9C39726E228DC1CC00C77622 /* WordSearch.app */,
			);
			name = Products;
			sourceTree = "<group>";
		};
		9C397270228DC1CC00C77622 /* WordSearch */ = {
			isa = PBXGroup;
			children = (
				9C39728E228DC6BD00C77622 /* Extensions */,
				9C397288228DC65E00C77622 /* UI */,
				9C397285228DC21500C77622 /* ViewControllers */,
				9C397271228DC1CC00C77622 /* AppDelegate.swift */,
				9C397275228DC1CC00C77622 /* Main.storyboard */,
				9C397278228DC1CE00C77622 /* Assets.xcassets */,
				9C39727A228DC1CE00C77622 /* LaunchScreen.storyboard */,
				9C39727D228DC1CE00C77622 /* Info.plist */,
			);
			path = WordSearch;
			sourceTree = "<group>";
		};
		9C397285228DC21500C77622 /* ViewControllers */ = {
			isa = PBXGroup;
			children = (
				9C397273228DC1CC00C77622 /* MainViewController.swift */,
				9C397283228DC20A00C77622 /* GridCollectionViewController.swift */,
			);
			path = ViewControllers;
			sourceTree = "<group>";
		};
		9C397288228DC65E00C77622 /* UI */ = {
			isa = PBXGroup;
			children = (
				9C39728B228DC67100C77622 /* Cells */,
			);
			path = UI;
			sourceTree = "<group>";
		};
		9C39728B228DC67100C77622 /* Cells */ = {
			isa = PBXGroup;
			children = (
				9C397286228DC65800C77622 /* GridCell.xib */,
				9C397289228DC66B00C77622 /* GridCell.swift */,
			);
			path = Cells;
			sourceTree = "<group>";
		};
		9C39728E228DC6BD00C77622 /* Extensions */ = {
			isa = PBXGroup;
			children = (
				9C39728C228DC6B700C77622 /* UICollectionViewExtension.swift */,
			);
			path = Extensions;
			sourceTree = "<group>";
		};
/* End PBXGroup section */

/* Begin PBXNativeTarget section */
		9C39726D228DC1CC00C77622 /* WordSearch */ = {
			isa = PBXNativeTarget;
			buildConfigurationList = 9C397280228DC1CE00C77622 /* Build configuration list for PBXNativeTarget "WordSearch" */;
			buildPhases = (
				9C39726A228DC1CC00C77622 /* Sources */,
				9C39726B228DC1CC00C77622 /* Frameworks */,
				9C39726C228DC1CC00C77622 /* Resources */,
			);
			buildRules = (
			);
			dependencies = (
			);
			name = WordSearch;
			productName = WordSearch;
			productReference = 9C39726E228DC1CC00C77622 /* WordSearch.app */;
			productType = "com.apple.product-type.application";
		};
/* End PBXNativeTarget section */

/* Begin PBXProject section */
		9C397266228DC1CC00C77622 /* Project object */ = {
			isa = PBXProject;
			attributes = {
				LastSwiftUpdateCheck = 1020;
				LastUpgradeCheck = 1020;
				ORGANIZATIONNAME = "Bilal Saad";
				TargetAttributes = {
					9C39726D228DC1CC00C77622 = {
						CreatedOnToolsVersion = 10.2.1;
					};
				};
			};
			buildConfigurationList = 9C397269228DC1CC00C77622 /* Build configuration list for PBXProject "WordSearch" */;
			compatibilityVersion = "Xcode 9.3";
			developmentRegion = en;
			hasScannedForEncodings = 0;
			knownRegions = (
				en,
				Base,
			);
			mainGroup = 9C397265228DC1CC00C77622;
			productRefGroup = 9C39726F228DC1CC00C77622 /* Products */;
			projectDirPath = "";
			projectRoot = "";
			targets = (
				9C39726D228DC1CC00C77622 /* WordSearch */,
			);
		};
/* End PBXProject section */

/* Begin PBXResourcesBuildPhase section */
		9C39726C228DC1CC00C77622 /* Resources */ = {
			isa = PBXResourcesBuildPhase;
			buildActionMask = 2147483647;
			files = (
				9C39727C228DC1CE00C77622 /* LaunchScreen.storyboard in Resources */,
				9C397279228DC1CE00C77622 /* Assets.xcassets in Resources */,
				9C397277228DC1CC00C77622 /* Main.storyboard in Resources */,
				9C397287228DC65800C77622 /* GridCell.xib in Resources */,
			);
			runOnlyForDeploymentPostprocessing = 0;
		};
/* End PBXResourcesBuildPhase section */

/* Begin PBXSourcesBuildPhase section */
		9C39726A228DC1CC00C77622 /* Sources */ = {
			isa = PBXSourcesBuildPhase;
			buildActionMask = 2147483647;
			files = (
				9C397274228DC1CC00C77622 /* MainViewController.swift in Sources */,
				9C397284228DC20A00C77622 /* GridCollectionViewController.swift in Sources */,
				9C397272228DC1CC00C77622 /* AppDelegate.swift in Sources */,
				9C39728A228DC66B00C77622 /* GridCell.swift in Sources */,
				9C39728D228DC6B700C77622 /* UICollectionViewExtension.swift in Sources */,
			);
			runOnlyForDeploymentPostprocessing = 0;
		};
/* End PBXSourcesBuildPhase section */

/* Begin PBXVariantGroup section */
		9C397275228DC1CC00C77622 /* Main.storyboard */ = {
			isa = PBXVariantGroup;
			children = (
				9C397276228DC1CC00C77622 /* Base */,
			);
			name = Main.storyboard;
			sourceTree = "<group>";
		};
		9C39727A228DC1CE00C77622 /* LaunchScreen.storyboard */ = {
			isa = PBXVariantGroup;
			children = (
				9C39727B228DC1CE00C77622 /* Base */,
			);
			name = LaunchScreen.storyboard;
			sourceTree = "<group>";
		};
/* End PBXVariantGroup section */

/* Begin XCBuildConfiguration section */
		9C39727E228DC1CE00C77622 /* Debug */ = {
			isa = XCBuildConfiguration;
			buildSettings = {
				ALWAYS_SEARCH_USER_PATHS = NO;
				CLANG_ANALYZER_NONNULL = YES;
				CLANG_ANALYZER_NUMBER_OBJECT_CONVERSION = YES_AGGRESSIVE;
				CLANG_CXX_LANGUAGE_STANDARD = "gnu++14";
				CLANG_CXX_LIBRARY = "libc++";
				CLANG_ENABLE_MODULES = YES;
				CLANG_ENABLE_OBJC_ARC = YES;
				CLANG_ENABLE_OBJC_WEAK = YES;
				CLANG_WARN_BLOCK_CAPTURE_AUTORELEASING = YES;
				CLANG_WARN_BOOL_CONVERSION = YES;
				CLANG_WARN_COMMA = YES;
				CLANG_WARN_CONSTANT_CONVERSION = YES;
				CLANG_WARN_DEPRECATED_OBJC_IMPLEMENTATIONS = YES;
				CLANG_WARN_DIRECT_OBJC_ISA_USAGE = YES_ERROR;
				CLANG_WARN_DOCUMENTATION_COMMENTS = YES;
				CLANG_WARN_EMPTY_BODY = YES;
				CLANG_WARN_ENUM_CONVERSION = YES;
				CLANG_WARN_INFINITE_RECURSION = YES;
				CLANG_WARN_INT_CONVERSION = YES;
				CLANG_WARN_NON_LITERAL_NULL_CONVERSION = YES;
				CLANG_WARN_OBJC_IMPLICIT_RETAIN_SELF = YES;
				CLANG_WARN_OBJC_LITERAL_CONVERSION = YES;
				CLANG_WARN_OBJC_ROOT_CLASS = YES_ERROR;
				CLANG_WARN_RANGE_LOOP_ANALYSIS = YES;
				CLANG_WARN_STRICT_PROTOTYPES = YES;
				CLANG_WARN_SUSPICIOUS_MOVE = YES;
				CLANG_WARN_UNGUARDED_AVAILABILITY = YES_AGGRESSIVE;
				CLANG_WARN_UNREACHABLE_CODE = YES;
				CLANG_WARN__DUPLICATE_METHOD_MATCH = YES;
				CODE_SIGN_IDENTITY = "iPhone Developer";
				COPY_PHASE_STRIP = NO;
				DEBUG_INFORMATION_FORMAT = dwarf;
				ENABLE_STRICT_OBJC_MSGSEND = YES;
				ENABLE_TESTABILITY = YES;
				GCC_C_LANGUAGE_STANDARD = gnu11;
				GCC_DYNAMIC_NO_PIC = NO;
				GCC_NO_COMMON_BLOCKS = YES;
				GCC_OPTIMIZATION_LEVEL = 0;
				GCC_PREPROCESSOR_DEFINITIONS = (
					"DEBUG=1",
					"$(inherited)",
				);
				GCC_WARN_64_TO_32_BIT_CONVERSION = YES;
				GCC_WARN_ABOUT_RETURN_TYPE = YES_ERROR;
				GCC_WARN_UNDECLARED_SELECTOR = YES;
				GCC_WARN_UNINITIALIZED_AUTOS = YES_AGGRESSIVE;
				GCC_WARN_UNUSED_FUNCTION = YES;
				GCC_WARN_UNUSED_VARIABLE = YES;
				IPHONEOS_DEPLOYMENT_TARGET = 12.2;
				MTL_ENABLE_DEBUG_INFO = INCLUDE_SOURCE;
				MTL_FAST_MATH = YES;
				ONLY_ACTIVE_ARCH = YES;
				SDKROOT = iphoneos;
				SWIFT_ACTIVE_COMPILATION_CONDITIONS = DEBUG;
				SWIFT_OPTIMIZATION_LEVEL = "-Onone";
			};
			name = Debug;
		};
		9C39727F228DC1CE00C77622 /* Release */ = {
			isa = XCBuildConfiguration;
			buildSettings = {
				ALWAYS_SEARCH_USER_PATHS = NO;
				CLANG_ANALYZER_NONNULL = YES;
				CLANG_ANALYZER_NUMBER_OBJECT_CONVERSION = YES_AGGRESSIVE;
				CLANG_CXX_LANGUAGE_STANDARD = "gnu++14";
				CLANG_CXX_LIBRARY = "libc++";
				CLANG_ENABLE_MODULES = YES;
				CLANG_ENABLE_OBJC_ARC = YES;
				CLANG_ENABLE_OBJC_WEAK = YES;
				CLANG_WARN_BLOCK_CAPTURE_AUTORELEASING = YES;
				CLANG_WARN_BOOL_CONVERSION = YES;
				CLANG_WARN_COMMA = YES;
				CLANG_WARN_CONSTANT_CONVERSION = YES;
				CLANG_WARN_DEPRECATED_OBJC_IMPLEMENTATIONS = YES;
				CLANG_WARN_DIRECT_OBJC_ISA_USAGE = YES_ERROR;
				CLANG_WARN_DOCUMENTATION_COMMENTS = YES;
				CLANG_WARN_EMPTY_BODY = YES;
				CLANG_WARN_ENUM_CONVERSION = YES;
				CLANG_WARN_INFINITE_RECURSION = YES;
				CLANG_WARN_INT_CONVERSION = YES;
				CLANG_WARN_NON_LITERAL_NULL_CONVERSION = YES;
				CLANG_WARN_OBJC_IMPLICIT_RETAIN_SELF = YES;
				CLANG_WARN_OBJC_LITERAL_CONVERSION = YES;
				CLANG_WARN_OBJC_ROOT_CLASS = YES_ERROR;
				CLANG_WARN_RANGE_LOOP_ANALYSIS = YES;
				CLANG_WARN_STRICT_PROTOTYPES = YES;
				CLANG_WARN_SUSPICIOUS_MOVE = YES;
				CLANG_WARN_UNGUARDED_AVAILABILITY = YES_AGGRESSIVE;
				CLANG_WARN_UNREACHABLE_CODE = YES;
				CLANG_WARN__DUPLICATE_METHOD_MATCH = YES;
				CODE_SIGN_IDENTITY = "iPhone Developer";
				COPY_PHASE_STRIP = NO;
				DEBUG_INFORMATION_FORMAT = "dwarf-with-dsym";
				ENABLE_NS_ASSERTIONS = NO;
				ENABLE_STRICT_OBJC_MSGSEND = YES;
				GCC_C_LANGUAGE_STANDARD = gnu11;
				GCC_NO_COMMON_BLOCKS = YES;
				GCC_WARN_64_TO_32_BIT_CONVERSION = YES;
				GCC_WARN_ABOUT_RETURN_TYPE = YES_ERROR;
				GCC_WARN_UNDECLARED_SELECTOR = YES;
				GCC_WARN_UNINITIALIZED_AUTOS = YES_AGGRESSIVE;
				GCC_WARN_UNUSED_FUNCTION = YES;
				GCC_WARN_UNUSED_VARIABLE = YES;
				IPHONEOS_DEPLOYMENT_TARGET = 12.2;
				MTL_ENABLE_DEBUG_INFO = NO;
				MTL_FAST_MATH = YES;
				SDKROOT = iphoneos;
				SWIFT_COMPILATION_MODE = wholemodule;
				SWIFT_OPTIMIZATION_LEVEL = "-O";
				VALIDATE_PRODUCT = YES;
			};
			name = Release;
		};
		9C397281228DC1CE00C77622 /* Debug */ = {
			isa = XCBuildConfiguration;
			buildSettings = {
				ASSETCATALOG_COMPILER_APPICON_NAME = AppIcon;
				CODE_SIGN_STYLE = Automatic;
				DEVELOPMENT_TEAM = 8GDXY8G5F5;
				INFOPLIST_FILE = WordSearch/Info.plist;
				LD_RUNPATH_SEARCH_PATHS = (
					"$(inherited)",
					"@executable_path/Frameworks",
				);
				PRODUCT_BUNDLE_IDENTIFIER = me.bilalsaad.WordSearch;
				PRODUCT_NAME = "$(TARGET_NAME)";
				SWIFT_VERSION = 5.0;
				TARGETED_DEVICE_FAMILY = "1,2";
			};
			name = Debug;
		};
		9C397282228DC1CE00C77622 /* Release */ = {
			isa = XCBuildConfiguration;
			buildSettings = {
				ASSETCATALOG_COMPILER_APPICON_NAME = AppIcon;
				CODE_SIGN_STYLE = Automatic;
				DEVELOPMENT_TEAM = 8GDXY8G5F5;
				INFOPLIST_FILE = WordSearch/Info.plist;
				LD_RUNPATH_SEARCH_PATHS = (
					"$(inherited)",
					"@executable_path/Frameworks",
				);
				PRODUCT_BUNDLE_IDENTIFIER = me.bilalsaad.WordSearch;
				PRODUCT_NAME = "$(TARGET_NAME)";
				SWIFT_VERSION = 5.0;
				TARGETED_DEVICE_FAMILY = "1,2";
			};
			name = Release;
		};
/* End XCBuildConfiguration section */

/* Begin XCConfigurationList section */
		9C397269228DC1CC00C77622 /* Build configuration list for PBXProject "WordSearch" */ = {
			isa = XCConfigurationList;
			buildConfigurations = (
				9C39727E228DC1CE00C77622 /* Debug */,
				9C39727F228DC1CE00C77622 /* Release */,
			);
			defaultConfigurationIsVisible = 0;
			defaultConfigurationName = Release;
		};
		9C397280228DC1CE00C77622 /* Build configuration list for PBXNativeTarget "WordSearch" */ = {
			isa = XCConfigurationList;
			buildConfigurations = (
				9C397281228DC1CE00C77622 /* Debug */,
				9C397282228DC1CE00C77622 /* Release */,
			);
			defaultConfigurationIsVisible = 0;
			defaultConfigurationName = Release;
		};
/* End XCConfigurationList section */
	};
	rootObject = 9C397266228DC1CC00C77622 /* Project object */;
}
